// !$*UTF8*$!
{
	archiveVersion = 1;
	classes = {
	};
	objectVersion = 50;
	objects = {

/* Begin PBXBuildFile section */
		159D949D240A318100B489B0 /* AppDelegate.swift in Sources */ = {isa = PBXBuildFile; fileRef = 159D949C240A318100B489B0 /* AppDelegate.swift */; };
		159D949F240A318100B489B0 /* SceneDelegate.swift in Sources */ = {isa = PBXBuildFile; fileRef = 159D949E240A318100B489B0 /* SceneDelegate.swift */; };
		159D94A1240A318100B489B0 /* ViewController.swift in Sources */ = {isa = PBXBuildFile; fileRef = 159D94A0240A318100B489B0 /* ViewController.swift */; };
		159D94A4240A318100B489B0 /* Main.storyboard in Resources */ = {isa = PBXBuildFile; fileRef = 159D94A2240A318100B489B0 /* Main.storyboard */; };
		159D94A6240A318300B489B0 /* Assets.xcassets in Resources */ = {isa = PBXBuildFile; fileRef = 159D94A5240A318300B489B0 /* Assets.xcassets */; };
		159D94A9240A318300B489B0 /* LaunchScreen.storyboard in Resources */ = {isa = PBXBuildFile; fileRef = 159D94A7240A318300B489B0 /* LaunchScreen.storyboard */; };
		159D94B7240A320700B489B0 /* AppDelegate.swift in Sources */ = {isa = PBXBuildFile; fileRef = 159D94B6240A320700B489B0 /* AppDelegate.swift */; };
		159D94B9240A320700B489B0 /* SceneDelegate.swift in Sources */ = {isa = PBXBuildFile; fileRef = 159D94B8240A320700B489B0 /* SceneDelegate.swift */; };
		159D94BB240A320700B489B0 /* ViewController.swift in Sources */ = {isa = PBXBuildFile; fileRef = 159D94BA240A320700B489B0 /* ViewController.swift */; };
		159D94BE240A320700B489B0 /* Main.storyboard in Resources */ = {isa = PBXBuildFile; fileRef = 159D94BC240A320700B489B0 /* Main.storyboard */; };
		159D94C3240A320800B489B0 /* LaunchScreen.storyboard in Resources */ = {isa = PBXBuildFile; fileRef = 159D94C1240A320800B489B0 /* LaunchScreen.storyboard */; };
		159D94C9240A324C00B489B0 /* Assets.xcassets in Resources */ = {isa = PBXBuildFile; fileRef = 159D94A5240A318300B489B0 /* Assets.xcassets */; };
		159D94CB240A3CAA00B489B0 /* LogingStoryboard.storyboard in Resources */ = {isa = PBXBuildFile; fileRef = 159D94CA240A3CAA00B489B0 /* LogingStoryboard.storyboard */; };
		159D94CD240B050500B489B0 /* GoogleService-Info.plist in Resources */ = {isa = PBXBuildFile; fileRef = 159D94CC240B050500B489B0 /* GoogleService-Info.plist */; };
		159D94CF240B0B5300B489B0 /* GoogleService-Info.plist in Resources */ = {isa = PBXBuildFile; fileRef = 159D94CE240B0B5300B489B0 /* GoogleService-Info.plist */; };
		159D94D5240B13B600B489B0 /* LoginVC.swift in Sources */ = {isa = PBXBuildFile; fileRef = 159D94D4240B13B600B489B0 /* LoginVC.swift */; };
		159D94D7240B13D300B489B0 /* RegisterVC.swift in Sources */ = {isa = PBXBuildFile; fileRef = 159D94D6240B13D300B489B0 /* RegisterVC.swift */; };
		159D94DA240B1AE900B489B0 /* Extensions.swift in Sources */ = {isa = PBXBuildFile; fileRef = 159D94D9240B1AE900B489B0 /* Extensions.swift */; };
		159D94DC240B226500B489B0 /* Constants.swift in Sources */ = {isa = PBXBuildFile; fileRef = 159D94DB240B226500B489B0 /* Constants.swift */; };
		159D94DF240B5EB000B489B0 /* RoundedViews.swift in Sources */ = {isa = PBXBuildFile; fileRef = 159D94DE240B5EB000B489B0 /* RoundedViews.swift */; };
		3B4105E917E40EB53CBA577D /* Pods_ArtableAdmin.framework in Frameworks */ = {isa = PBXBuildFile; fileRef = CA42A12B15DF7381C5C337BA /* Pods_ArtableAdmin.framework */; };
		65493807A86EFBD04C900C7A /* Pods_Artable.framework in Frameworks */ = {isa = PBXBuildFile; fileRef = F64CD9A7CBACC144CAC103F4 /* Pods_Artable.framework */; };
/* End PBXBuildFile section */

/* Begin PBXFileReference section */
		159D9499240A318100B489B0 /* Artable.app */ = {isa = PBXFileReference; explicitFileType = wrapper.application; includeInIndex = 0; path = Artable.app; sourceTree = BUILT_PRODUCTS_DIR; };
		159D949C240A318100B489B0 /* AppDelegate.swift */ = {isa = PBXFileReference; lastKnownFileType = sourcecode.swift; path = AppDelegate.swift; sourceTree = "<group>"; };
		159D949E240A318100B489B0 /* SceneDelegate.swift */ = {isa = PBXFileReference; lastKnownFileType = sourcecode.swift; path = SceneDelegate.swift; sourceTree = "<group>"; };
		159D94A0240A318100B489B0 /* ViewController.swift */ = {isa = PBXFileReference; lastKnownFileType = sourcecode.swift; path = ViewController.swift; sourceTree = "<group>"; };
		159D94A3240A318100B489B0 /* Base */ = {isa = PBXFileReference; lastKnownFileType = file.storyboard; name = Base; path = Base.lproj/Main.storyboard; sourceTree = "<group>"; };
		159D94A5240A318300B489B0 /* Assets.xcassets */ = {isa = PBXFileReference; lastKnownFileType = folder.assetcatalog; path = Assets.xcassets; sourceTree = "<group>"; };
		159D94A8240A318300B489B0 /* Base */ = {isa = PBXFileReference; lastKnownFileType = file.storyboard; name = Base; path = Base.lproj/LaunchScreen.storyboard; sourceTree = "<group>"; };
		159D94AA240A318300B489B0 /* Info.plist */ = {isa = PBXFileReference; lastKnownFileType = text.plist.xml; path = Info.plist; sourceTree = "<group>"; };
		159D94B4240A320700B489B0 /* ArtableAdmin.app */ = {isa = PBXFileReference; explicitFileType = wrapper.application; includeInIndex = 0; path = ArtableAdmin.app; sourceTree = BUILT_PRODUCTS_DIR; };
		159D94B6240A320700B489B0 /* AppDelegate.swift */ = {isa = PBXFileReference; lastKnownFileType = sourcecode.swift; path = AppDelegate.swift; sourceTree = "<group>"; };
		159D94B8240A320700B489B0 /* SceneDelegate.swift */ = {isa = PBXFileReference; lastKnownFileType = sourcecode.swift; path = SceneDelegate.swift; sourceTree = "<group>"; };
		159D94BA240A320700B489B0 /* ViewController.swift */ = {isa = PBXFileReference; lastKnownFileType = sourcecode.swift; path = ViewController.swift; sourceTree = "<group>"; };
		159D94BD240A320700B489B0 /* Base */ = {isa = PBXFileReference; lastKnownFileType = file.storyboard; name = Base; path = Base.lproj/Main.storyboard; sourceTree = "<group>"; };
		159D94C2240A320800B489B0 /* Base */ = {isa = PBXFileReference; lastKnownFileType = file.storyboard; name = Base; path = Base.lproj/LaunchScreen.storyboard; sourceTree = "<group>"; };
		159D94C4240A320800B489B0 /* Info.plist */ = {isa = PBXFileReference; lastKnownFileType = text.plist.xml; path = Info.plist; sourceTree = "<group>"; };
		159D94CA240A3CAA00B489B0 /* LogingStoryboard.storyboard */ = {isa = PBXFileReference; lastKnownFileType = file.storyboard; path = LogingStoryboard.storyboard; sourceTree = "<group>"; };
		159D94CC240B050500B489B0 /* GoogleService-Info.plist */ = {isa = PBXFileReference; fileEncoding = 4; lastKnownFileType = text.plist.xml; path = "GoogleService-Info.plist"; sourceTree = "<group>"; };
		159D94CE240B0B5300B489B0 /* GoogleService-Info.plist */ = {isa = PBXFileReference; fileEncoding = 4; lastKnownFileType = text.plist.xml; path = "GoogleService-Info.plist"; sourceTree = "<group>"; };
		159D94D4240B13B600B489B0 /* LoginVC.swift */ = {isa = PBXFileReference; lastKnownFileType = sourcecode.swift; path = LoginVC.swift; sourceTree = "<group>"; };
		159D94D6240B13D300B489B0 /* RegisterVC.swift */ = {isa = PBXFileReference; lastKnownFileType = sourcecode.swift; path = RegisterVC.swift; sourceTree = "<group>"; };
		159D94D9240B1AE900B489B0 /* Extensions.swift */ = {isa = PBXFileReference; lastKnownFileType = sourcecode.swift; path = Extensions.swift; sourceTree = "<group>"; };
		159D94DB240B226500B489B0 /* Constants.swift */ = {isa = PBXFileReference; lastKnownFileType = sourcecode.swift; path = Constants.swift; sourceTree = "<group>"; };
		159D94DE240B5EB000B489B0 /* RoundedViews.swift */ = {isa = PBXFileReference; lastKnownFileType = sourcecode.swift; path = RoundedViews.swift; sourceTree = "<group>"; };
		3B12D9F3CA5A7EC78AC5DBAA /* Pods-ArtableAdmin.release.xcconfig */ = {isa = PBXFileReference; includeInIndex = 1; lastKnownFileType = text.xcconfig; name = "Pods-ArtableAdmin.release.xcconfig"; path = "Pods/Target Support Files/Pods-ArtableAdmin/Pods-ArtableAdmin.release.xcconfig"; sourceTree = "<group>"; };
		3EEF3EE0F4202D0557B06E62 /* Pods-ArtableAdmin.debug.xcconfig */ = {isa = PBXFileReference; includeInIndex = 1; lastKnownFileType = text.xcconfig; name = "Pods-ArtableAdmin.debug.xcconfig"; path = "Pods/Target Support Files/Pods-ArtableAdmin/Pods-ArtableAdmin.debug.xcconfig"; sourceTree = "<group>"; };
		954F8B20586FEDCB3F24D9A0 /* Pods-Artable.release.xcconfig */ = {isa = PBXFileReference; includeInIndex = 1; lastKnownFileType = text.xcconfig; name = "Pods-Artable.release.xcconfig"; path = "Pods/Target Support Files/Pods-Artable/Pods-Artable.release.xcconfig"; sourceTree = "<group>"; };
		B57AF4C1D0A080F58D6C6C23 /* Pods-Artable.debug.xcconfig */ = {isa = PBXFileReference; includeInIndex = 1; lastKnownFileType = text.xcconfig; name = "Pods-Artable.debug.xcconfig"; path = "Pods/Target Support Files/Pods-Artable/Pods-Artable.debug.xcconfig"; sourceTree = "<group>"; };
		CA42A12B15DF7381C5C337BA /* Pods_ArtableAdmin.framework */ = {isa = PBXFileReference; explicitFileType = wrapper.framework; includeInIndex = 0; path = Pods_ArtableAdmin.framework; sourceTree = BUILT_PRODUCTS_DIR; };
		F64CD9A7CBACC144CAC103F4 /* Pods_Artable.framework */ = {isa = PBXFileReference; explicitFileType = wrapper.framework; includeInIndex = 0; path = Pods_Artable.framework; sourceTree = BUILT_PRODUCTS_DIR; };
/* End PBXFileReference section */

/* Begin PBXFrameworksBuildPhase section */
		159D9496240A318100B489B0 /* Frameworks */ = {
			isa = PBXFrameworksBuildPhase;
			buildActionMask = 2147483647;
			files = (
				65493807A86EFBD04C900C7A /* Pods_Artable.framework in Frameworks */,
			);
			runOnlyForDeploymentPostprocessing = 0;
		};
		159D94B1240A320700B489B0 /* Frameworks */ = {
			isa = PBXFrameworksBuildPhase;
			buildActionMask = 2147483647;
			files = (
				3B4105E917E40EB53CBA577D /* Pods_ArtableAdmin.framework in Frameworks */,
			);
			runOnlyForDeploymentPostprocessing = 0;
		};
/* End PBXFrameworksBuildPhase section */

/* Begin PBXGroup section */
		159D9490240A318100B489B0 = {
			isa = PBXGroup;
			children = (
				159D94C8240A322A00B489B0 /* Shared */,
				159D949B240A318100B489B0 /* Artable */,
				159D94B5240A320700B489B0 /* ArtableAdmin */,
				159D949A240A318100B489B0 /* Products */,
				F04FDCBC6B5648A9216B3A95 /* Pods */,
				3B901232B17E732EF312BE3B /* Frameworks */,
			);
			sourceTree = "<group>";
		};
		159D949A240A318100B489B0 /* Products */ = {
			isa = PBXGroup;
			children = (
				159D9499240A318100B489B0 /* Artable.app */,
				159D94B4240A320700B489B0 /* ArtableAdmin.app */,
			);
			name = Products;
			sourceTree = "<group>";
		};
		159D949B240A318100B489B0 /* Artable */ = {
			isa = PBXGroup;
			children = (
				159D94D3240B135A00B489B0 /* Storyboards */,
				159D94D2240B135300B489B0 /* Model */,
				159D94D1240B134100B489B0 /* Controller */,
				159D94D0240B133400B489B0 /* View */,
				159D949E240A318100B489B0 /* SceneDelegate.swift */,
				159D94CC240B050500B489B0 /* GoogleService-Info.plist */,
				159D94AA240A318300B489B0 /* Info.plist */,
			);
			path = Artable;
			sourceTree = "<group>";
		};
		159D94B5240A320700B489B0 /* ArtableAdmin */ = {
			isa = PBXGroup;
			children = (
				159D94B6240A320700B489B0 /* AppDelegate.swift */,
				159D94B8240A320700B489B0 /* SceneDelegate.swift */,
				159D94BA240A320700B489B0 /* ViewController.swift */,
				159D94CE240B0B5300B489B0 /* GoogleService-Info.plist */,
				159D94BC240A320700B489B0 /* Main.storyboard */,
				159D94C1240A320800B489B0 /* LaunchScreen.storyboard */,
				159D94C4240A320800B489B0 /* Info.plist */,
			);
			path = ArtableAdmin;
			sourceTree = "<group>";
		};
		159D94C8240A322A00B489B0 /* Shared */ = {
			isa = PBXGroup;
			children = (
				159D94DD240B5E6B00B489B0 /* View */,
				159D94D8240B1AD700B489B0 /* Utils */,
				159D94A5240A318300B489B0 /* Assets.xcassets */,
			);
			path = Shared;
			sourceTree = "<group>";
		};
		159D94D0240B133400B489B0 /* View */ = {
			isa = PBXGroup;
			children = (
			);
			path = View;
			sourceTree = "<group>";
		};
		159D94D1240B134100B489B0 /* Controller */ = {
			isa = PBXGroup;
			children = (
				159D949C240A318100B489B0 /* AppDelegate.swift */,
				159D94A0240A318100B489B0 /* ViewController.swift */,
				159D94D4240B13B600B489B0 /* LoginVC.swift */,
				159D94D6240B13D300B489B0 /* RegisterVC.swift */,
			);
			path = Controller;
			sourceTree = "<group>";
		};
		159D94D2240B135300B489B0 /* Model */ = {
			isa = PBXGroup;
			children = (
			);
			path = Model;
			sourceTree = "<group>";
		};
		159D94D3240B135A00B489B0 /* Storyboards */ = {
			isa = PBXGroup;
			children = (
				159D94A2240A318100B489B0 /* Main.storyboard */,
				159D94A7240A318300B489B0 /* LaunchScreen.storyboard */,
				159D94CA240A3CAA00B489B0 /* LogingStoryboard.storyboard */,
			);
			path = Storyboards;
			sourceTree = "<group>";
		};
		159D94D8240B1AD700B489B0 /* Utils */ = {
			isa = PBXGroup;
			children = (
				159D94D9240B1AE900B489B0 /* Extensions.swift */,
				159D94DB240B226500B489B0 /* Constants.swift */,
			);
			path = Utils;
			sourceTree = "<group>";
		};
		159D94DD240B5E6B00B489B0 /* View */ = {
			isa = PBXGroup;
			children = (
				159D94DE240B5EB000B489B0 /* RoundedViews.swift */,
			);
			path = View;
			sourceTree = "<group>";
		};
		3B901232B17E732EF312BE3B /* Frameworks */ = {
			isa = PBXGroup;
			children = (
				F64CD9A7CBACC144CAC103F4 /* Pods_Artable.framework */,
				CA42A12B15DF7381C5C337BA /* Pods_ArtableAdmin.framework */,
			);
			name = Frameworks;
			sourceTree = "<group>";
		};
		F04FDCBC6B5648A9216B3A95 /* Pods */ = {
			isa = PBXGroup;
			children = (
				B57AF4C1D0A080F58D6C6C23 /* Pods-Artable.debug.xcconfig */,
				954F8B20586FEDCB3F24D9A0 /* Pods-Artable.release.xcconfig */,
				3EEF3EE0F4202D0557B06E62 /* Pods-ArtableAdmin.debug.xcconfig */,
				3B12D9F3CA5A7EC78AC5DBAA /* Pods-ArtableAdmin.release.xcconfig */,
			);
			name = Pods;
			sourceTree = "<group>";
		};
/* End PBXGroup section */

/* Begin PBXNativeTarget section */
		159D9498240A318100B489B0 /* Artable */ = {
			isa = PBXNativeTarget;
			buildConfigurationList = 159D94AD240A318300B489B0 /* Build configuration list for PBXNativeTarget "Artable" */;
			buildPhases = (
				2C31DDF762171FAC82ADC57A /* [CP] Check Pods Manifest.lock */,
				159D9495240A318100B489B0 /* Sources */,
				159D9496240A318100B489B0 /* Frameworks */,
				159D9497240A318100B489B0 /* Resources */,
				F2785AAEDB24223D81462B34 /* [CP] Embed Pods Frameworks */,
			);
			buildRules = (
			);
			dependencies = (
			);
			name = Artable;
			productName = Artable;
			productReference = 159D9499240A318100B489B0 /* Artable.app */;
			productType = "com.apple.product-type.application";
		};
		159D94B3240A320700B489B0 /* ArtableAdmin */ = {
			isa = PBXNativeTarget;
			buildConfigurationList = 159D94C5240A320800B489B0 /* Build configuration list for PBXNativeTarget "ArtableAdmin" */;
			buildPhases = (
				AAA1C99AC6313C8997E8DF9C /* [CP] Check Pods Manifest.lock */,
				159D94B0240A320700B489B0 /* Sources */,
				159D94B1240A320700B489B0 /* Frameworks */,
				159D94B2240A320700B489B0 /* Resources */,
				DCA8FB156EE908D23C8DA037 /* [CP] Embed Pods Frameworks */,
			);
			buildRules = (
			);
			dependencies = (
			);
			name = ArtableAdmin;
			productName = ArtableAdmin;
			productReference = 159D94B4240A320700B489B0 /* ArtableAdmin.app */;
			productType = "com.apple.product-type.application";
		};
/* End PBXNativeTarget section */

/* Begin PBXProject section */
		159D9491240A318100B489B0 /* Project object */ = {
			isa = PBXProject;
			attributes = {
				LastSwiftUpdateCheck = 1120;
				LastUpgradeCheck = 1120;
				ORGANIZATIONNAME = Student;
				TargetAttributes = {
					159D9498240A318100B489B0 = {
						CreatedOnToolsVersion = 11.2.1;
					};
					159D94B3240A320700B489B0 = {
						CreatedOnToolsVersion = 11.2.1;
					};
				};
			};
			buildConfigurationList = 159D9494240A318100B489B0 /* Build configuration list for PBXProject "Artable" */;
			compatibilityVersion = "Xcode 9.3";
			developmentRegion = en;
			hasScannedForEncodings = 0;
			knownRegions = (
				en,
				Base,
			);
			mainGroup = 159D9490240A318100B489B0;
			productRefGroup = 159D949A240A318100B489B0 /* Products */;
			projectDirPath = "";
			projectRoot = "";
			targets = (
				159D9498240A318100B489B0 /* Artable */,
				159D94B3240A320700B489B0 /* ArtableAdmin */,
			);
		};
/* End PBXProject section */

/* Begin PBXResourcesBuildPhase section */
		159D9497240A318100B489B0 /* Resources */ = {
			isa = PBXResourcesBuildPhase;
			buildActionMask = 2147483647;
			files = (
				159D94CD240B050500B489B0 /* GoogleService-Info.plist in Resources */,
				159D94A9240A318300B489B0 /* LaunchScreen.storyboard in Resources */,
				159D94A6240A318300B489B0 /* Assets.xcassets in Resources */,
				159D94A4240A318100B489B0 /* Main.storyboard in Resources */,
				159D94CB240A3CAA00B489B0 /* LogingStoryboard.storyboard in Resources */,
			);
			runOnlyForDeploymentPostprocessing = 0;
		};
		159D94B2240A320700B489B0 /* Resources */ = {
			isa = PBXResourcesBuildPhase;
			buildActionMask = 2147483647;
			files = (
				159D94C3240A320800B489B0 /* LaunchScreen.storyboard in Resources */,
				159D94C9240A324C00B489B0 /* Assets.xcassets in Resources */,
				159D94BE240A320700B489B0 /* Main.storyboard in Resources */,
				159D94CF240B0B5300B489B0 /* GoogleService-Info.plist in Resources */,
			);
			runOnlyForDeploymentPostprocessing = 0;
		};
/* End PBXResourcesBuildPhase section */

/* Begin PBXShellScriptBuildPhase section */
		2C31DDF762171FAC82ADC57A /* [CP] Check Pods Manifest.lock */ = {
			isa = PBXShellScriptBuildPhase;
			buildActionMask = 2147483647;
			files = (
			);
			inputPaths = (
				"${PODS_PODFILE_DIR_PATH}/Podfile.lock",
				"${PODS_ROOT}/Manifest.lock",
			);
			name = "[CP] Check Pods Manifest.lock";
			outputPaths = (
				"$(DERIVED_FILE_DIR)/Pods-Artable-checkManifestLockResult.txt",
			);
			runOnlyForDeploymentPostprocessing = 0;
			shellPath = /bin/sh;
			shellScript = "diff \"${PODS_PODFILE_DIR_PATH}/Podfile.lock\" \"${PODS_ROOT}/Manifest.lock\" > /dev/null\nif [ $? != 0 ] ; then\n    # print error to STDERR\n    echo \"error: The sandbox is not in sync with the Podfile.lock. Run 'pod install' or update your CocoaPods installation.\" >&2\n    exit 1\nfi\n# This output is used by Xcode 'outputs' to avoid re-running this script phase.\necho \"SUCCESS\" > \"${SCRIPT_OUTPUT_FILE_0}\"\n";
			showEnvVarsInLog = 0;
		};
		AAA1C99AC6313C8997E8DF9C /* [CP] Check Pods Manifest.lock */ = {
			isa = PBXShellScriptBuildPhase;
			buildActionMask = 2147483647;
			files = (
			);
			inputPaths = (
				"${PODS_PODFILE_DIR_PATH}/Podfile.lock",
				"${PODS_ROOT}/Manifest.lock",
			);
			name = "[CP] Check Pods Manifest.lock";
			outputPaths = (
				"$(DERIVED_FILE_DIR)/Pods-ArtableAdmin-checkManifestLockResult.txt",
			);
			runOnlyForDeploymentPostprocessing = 0;
			shellPath = /bin/sh;
			shellScript = "diff \"${PODS_PODFILE_DIR_PATH}/Podfile.lock\" \"${PODS_ROOT}/Manifest.lock\" > /dev/null\nif [ $? != 0 ] ; then\n    # print error to STDERR\n    echo \"error: The sandbox is not in sync with the Podfile.lock. Run 'pod install' or update your CocoaPods installation.\" >&2\n    exit 1\nfi\n# This output is used by Xcode 'outputs' to avoid re-running this script phase.\necho \"SUCCESS\" > \"${SCRIPT_OUTPUT_FILE_0}\"\n";
			showEnvVarsInLog = 0;
		};
		DCA8FB156EE908D23C8DA037 /* [CP] Embed Pods Frameworks */ = {
			isa = PBXShellScriptBuildPhase;
			buildActionMask = 2147483647;
			files = (
			);
			inputPaths = (
				"${SRCROOT}/Pods/Target Support Files/Pods-ArtableAdmin/Pods-ArtableAdmin-frameworks.sh",
				"${BUILT_PRODUCTS_DIR}/BoringSSL-GRPC/openssl_grpc.framework",
				"${BUILT_PRODUCTS_DIR}/GTMSessionFetcher/GTMSessionFetcher.framework",
				"${BUILT_PRODUCTS_DIR}/GoogleUtilities/GoogleUtilities.framework",
				"${BUILT_PRODUCTS_DIR}/IQKeyboardManagerSwift/IQKeyboardManagerSwift.framework",
				"${BUILT_PRODUCTS_DIR}/Kingfisher/Kingfisher.framework",
				"${BUILT_PRODUCTS_DIR}/Protobuf/protobuf.framework",
				"${BUILT_PRODUCTS_DIR}/gRPC-C++/grpcpp.framework",
				"${BUILT_PRODUCTS_DIR}/gRPC-Core/grpc.framework",
				"${BUILT_PRODUCTS_DIR}/leveldb-library/leveldb.framework",
				"${BUILT_PRODUCTS_DIR}/nanopb/nanopb.framework",
				"${BUILT_PRODUCTS_DIR}/CropViewController/CropViewController.framework",
			);
			name = "[CP] Embed Pods Frameworks";
			outputPaths = (
				"${TARGET_BUILD_DIR}/${FRAMEWORKS_FOLDER_PATH}/openssl_grpc.framework",
				"${TARGET_BUILD_DIR}/${FRAMEWORKS_FOLDER_PATH}/GTMSessionFetcher.framework",
				"${TARGET_BUILD_DIR}/${FRAMEWORKS_FOLDER_PATH}/GoogleUtilities.framework",
				"${TARGET_BUILD_DIR}/${FRAMEWORKS_FOLDER_PATH}/IQKeyboardManagerSwift.framework",
				"${TARGET_BUILD_DIR}/${FRAMEWORKS_FOLDER_PATH}/Kingfisher.framework",
				"${TARGET_BUILD_DIR}/${FRAMEWORKS_FOLDER_PATH}/protobuf.framework",
				"${TARGET_BUILD_DIR}/${FRAMEWORKS_FOLDER_PATH}/grpcpp.framework",
				"${TARGET_BUILD_DIR}/${FRAMEWORKS_FOLDER_PATH}/grpc.framework",
				"${TARGET_BUILD_DIR}/${FRAMEWORKS_FOLDER_PATH}/leveldb.framework",
				"${TARGET_BUILD_DIR}/${FRAMEWORKS_FOLDER_PATH}/nanopb.framework",
				"${TARGET_BUILD_DIR}/${FRAMEWORKS_FOLDER_PATH}/CropViewController.framework",
			);
			runOnlyForDeploymentPostprocessing = 0;
			shellPath = /bin/sh;
			shellScript = "\"${SRCROOT}/Pods/Target Support Files/Pods-ArtableAdmin/Pods-ArtableAdmin-frameworks.sh\"\n";
			showEnvVarsInLog = 0;
		};
		F2785AAEDB24223D81462B34 /* [CP] Embed Pods Frameworks */ = {
			isa = PBXShellScriptBuildPhase;
			buildActionMask = 2147483647;
			files = (
			);
			inputPaths = (
				"${SRCROOT}/Pods/Target Support Files/Pods-Artable/Pods-Artable-frameworks.sh",
				"${BUILT_PRODUCTS_DIR}/Alamofire/Alamofire.framework",
				"${BUILT_PRODUCTS_DIR}/BoringSSL-GRPC/openssl_grpc.framework",
				"${BUILT_PRODUCTS_DIR}/GTMSessionFetcher/GTMSessionFetcher.framework",
				"${BUILT_PRODUCTS_DIR}/GoogleUtilities/GoogleUtilities.framework",
				"${BUILT_PRODUCTS_DIR}/IQKeyboardManagerSwift/IQKeyboardManagerSwift.framework",
				"${BUILT_PRODUCTS_DIR}/Kingfisher/Kingfisher.framework",
				"${BUILT_PRODUCTS_DIR}/Protobuf/protobuf.framework",
				"${BUILT_PRODUCTS_DIR}/Stripe/Stripe.framework",
				"${BUILT_PRODUCTS_DIR}/gRPC-C++/grpcpp.framework",
				"${BUILT_PRODUCTS_DIR}/gRPC-Core/grpc.framework",
				"${BUILT_PRODUCTS_DIR}/leveldb-library/leveldb.framework",
				"${BUILT_PRODUCTS_DIR}/nanopb/nanopb.framework",
			);
			name = "[CP] Embed Pods Frameworks";
			outputPaths = (
				"${TARGET_BUILD_DIR}/${FRAMEWORKS_FOLDER_PATH}/Alamofire.framework",
				"${TARGET_BUILD_DIR}/${FRAMEWORKS_FOLDER_PATH}/openssl_grpc.framework",
				"${TARGET_BUILD_DIR}/${FRAMEWORKS_FOLDER_PATH}/GTMSessionFetcher.framework",
				"${TARGET_BUILD_DIR}/${FRAMEWORKS_FOLDER_PATH}/GoogleUtilities.framework",
				"${TARGET_BUILD_DIR}/${FRAMEWORKS_FOLDER_PATH}/IQKeyboardManagerSwift.framework",
				"${TARGET_BUILD_DIR}/${FRAMEWORKS_FOLDER_PATH}/Kingfisher.framework",
				"${TARGET_BUILD_DIR}/${FRAMEWORKS_FOLDER_PATH}/protobuf.framework",
				"${TARGET_BUILD_DIR}/${FRAMEWORKS_FOLDER_PATH}/Stripe.framework",
				"${TARGET_BUILD_DIR}/${FRAMEWORKS_FOLDER_PATH}/grpcpp.framework",
				"${TARGET_BUILD_DIR}/${FRAMEWORKS_FOLDER_PATH}/grpc.framework",
				"${TARGET_BUILD_DIR}/${FRAMEWORKS_FOLDER_PATH}/leveldb.framework",
				"${TARGET_BUILD_DIR}/${FRAMEWORKS_FOLDER_PATH}/nanopb.framework",
			);
			runOnlyForDeploymentPostprocessing = 0;
			shellPath = /bin/sh;
			shellScript = "\"${SRCROOT}/Pods/Target Support Files/Pods-Artable/Pods-Artable-frameworks.sh\"\n";
			showEnvVarsInLog = 0;
		};
/* End PBXShellScriptBuildPhase section */

/* Begin PBXSourcesBuildPhase section */
		159D9495240A318100B489B0 /* Sources */ = {
			isa = PBXSourcesBuildPhase;
			buildActionMask = 2147483647;
			files = (
				159D94A1240A318100B489B0 /* ViewController.swift in Sources */,
				159D94DA240B1AE900B489B0 /* Extensions.swift in Sources */,
				159D949D240A318100B489B0 /* AppDelegate.swift in Sources */,
				159D94D5240B13B600B489B0 /* LoginVC.swift in Sources */,
				159D94DF240B5EB000B489B0 /* RoundedViews.swift in Sources */,
				159D94DC240B226500B489B0 /* Constants.swift in Sources */,
				159D949F240A318100B489B0 /* SceneDelegate.swift in Sources */,
				159D94D7240B13D300B489B0 /* RegisterVC.swift in Sources */,
			);
			runOnlyForDeploymentPostprocessing = 0;
		};
		159D94B0240A320700B489B0 /* Sources */ = {
			isa = PBXSourcesBuildPhase;
			buildActionMask = 2147483647;
			files = (
				159D94BB240A320700B489B0 /* ViewController.swift in Sources */,
				159D94B7240A320700B489B0 /* AppDelegate.swift in Sources */,
				159D94B9240A320700B489B0 /* SceneDelegate.swift in Sources */,
			);
			runOnlyForDeploymentPostprocessing = 0;
		};
/* End PBXSourcesBuildPhase section */

/* Begin PBXVariantGroup section */
		159D94A2240A318100B489B0 /* Main.storyboard */ = {
			isa = PBXVariantGroup;
			children = (
				159D94A3240A318100B489B0 /* Base */,
			);
			name = Main.storyboard;
			sourceTree = "<group>";
		};
		159D94A7240A318300B489B0 /* LaunchScreen.storyboard */ = {
			isa = PBXVariantGroup;
			children = (
				159D94A8240A318300B489B0 /* Base */,
			);
			name = LaunchScreen.storyboard;
			sourceTree = "<group>";
		};
		159D94BC240A320700B489B0 /* Main.storyboard */ = {
			isa = PBXVariantGroup;
			children = (
				159D94BD240A320700B489B0 /* Base */,
			);
			name = Main.storyboard;
			sourceTree = "<group>";
		};
		159D94C1240A320800B489B0 /* LaunchScreen.storyboard */ = {
			isa = PBXVariantGroup;
			children = (
				159D94C2240A320800B489B0 /* Base */,
			);
			name = LaunchScreen.storyboard;
			sourceTree = "<group>";
		};
/* End PBXVariantGroup section */

/* Begin XCBuildConfiguration section */
		159D94AB240A318300B489B0 /* Debug */ = {
			isa = XCBuildConfiguration;
			buildSettings = {
				ALWAYS_SEARCH_USER_PATHS = NO;
				CLANG_ANALYZER_NONNULL = YES;
				CLANG_ANALYZER_NUMBER_OBJECT_CONVERSION = YES_AGGRESSIVE;
				CLANG_CXX_LANGUAGE_STANDARD = "gnu++14";
				CLANG_CXX_LIBRARY = "libc++";
				CLANG_ENABLE_MODULES = YES;
				CLANG_ENABLE_OBJC_ARC = YES;
				CLANG_ENABLE_OBJC_WEAK = YES;
				CLANG_WARN_BLOCK_CAPTURE_AUTORELEASING = YES;
				CLANG_WARN_BOOL_CONVERSION = YES;
				CLANG_WARN_COMMA = YES;
				CLANG_WARN_CONSTANT_CONVERSION = YES;
				CLANG_WARN_DEPRECATED_OBJC_IMPLEMENTATIONS = YES;
				CLANG_WARN_DIRECT_OBJC_ISA_USAGE = YES_ERROR;
				CLANG_WARN_DOCUMENTATION_COMMENTS = YES;
				CLANG_WARN_EMPTY_BODY = YES;
				CLANG_WARN_ENUM_CONVERSION = YES;
				CLANG_WARN_INFINITE_RECURSION = YES;
				CLANG_WARN_INT_CONVERSION = YES;
				CLANG_WARN_NON_LITERAL_NULL_CONVERSION = YES;
				CLANG_WARN_OBJC_IMPLICIT_RETAIN_SELF = YES;
				CLANG_WARN_OBJC_LITERAL_CONVERSION = YES;
				CLANG_WARN_OBJC_ROOT_CLASS = YES_ERROR;
				CLANG_WARN_RANGE_LOOP_ANALYSIS = YES;
				CLANG_WARN_STRICT_PROTOTYPES = YES;
				CLANG_WARN_SUSPICIOUS_MOVE = YES;
				CLANG_WARN_UNGUARDED_AVAILABILITY = YES_AGGRESSIVE;
				CLANG_WARN_UNREACHABLE_CODE = YES;
				CLANG_WARN__DUPLICATE_METHOD_MATCH = YES;
				COPY_PHASE_STRIP = NO;
				DEBUG_INFORMATION_FORMAT = dwarf;
				ENABLE_STRICT_OBJC_MSGSEND = YES;
				ENABLE_TESTABILITY = YES;
				GCC_C_LANGUAGE_STANDARD = gnu11;
				GCC_DYNAMIC_NO_PIC = NO;
				GCC_NO_COMMON_BLOCKS = YES;
				GCC_OPTIMIZATION_LEVEL = 0;
				GCC_PREPROCESSOR_DEFINITIONS = (
					"DEBUG=1",
					"$(inherited)",
				);
				GCC_WARN_64_TO_32_BIT_CONVERSION = YES;
				GCC_WARN_ABOUT_RETURN_TYPE = YES_ERROR;
				GCC_WARN_UNDECLARED_SELECTOR = YES;
				GCC_WARN_UNINITIALIZED_AUTOS = YES_AGGRESSIVE;
				GCC_WARN_UNUSED_FUNCTION = YES;
				GCC_WARN_UNUSED_VARIABLE = YES;
				IPHONEOS_DEPLOYMENT_TARGET = 13.2;
				MTL_ENABLE_DEBUG_INFO = INCLUDE_SOURCE;
				MTL_FAST_MATH = YES;
				ONLY_ACTIVE_ARCH = YES;
				SDKROOT = iphoneos;
				SWIFT_ACTIVE_COMPILATION_CONDITIONS = DEBUG;
				SWIFT_OPTIMIZATION_LEVEL = "-Onone";
			};
			name = Debug;
		};
		159D94AC240A318300B489B0 /* Release */ = {
			isa = XCBuildConfiguration;
			buildSettings = {
				ALWAYS_SEARCH_USER_PATHS = NO;
				CLANG_ANALYZER_NONNULL = YES;
				CLANG_ANALYZER_NUMBER_OBJECT_CONVERSION = YES_AGGRESSIVE;
				CLANG_CXX_LANGUAGE_STANDARD = "gnu++14";
				CLANG_CXX_LIBRARY = "libc++";
				CLANG_ENABLE_MODULES = YES;
				CLANG_ENABLE_OBJC_ARC = YES;
				CLANG_ENABLE_OBJC_WEAK = YES;
				CLANG_WARN_BLOCK_CAPTURE_AUTORELEASING = YES;
				CLANG_WARN_BOOL_CONVERSION = YES;
				CLANG_WARN_COMMA = YES;
				CLANG_WARN_CONSTANT_CONVERSION = YES;
				CLANG_WARN_DEPRECATED_OBJC_IMPLEMENTATIONS = YES;
				CLANG_WARN_DIRECT_OBJC_ISA_USAGE = YES_ERROR;
				CLANG_WARN_DOCUMENTATION_COMMENTS = YES;
				CLANG_WARN_EMPTY_BODY = YES;
				CLANG_WARN_ENUM_CONVERSION = YES;
				CLANG_WARN_INFINITE_RECURSION = YES;
				CLANG_WARN_INT_CONVERSION = YES;
				CLANG_WARN_NON_LITERAL_NULL_CONVERSION = YES;
				CLANG_WARN_OBJC_IMPLICIT_RETAIN_SELF = YES;
				CLANG_WARN_OBJC_LITERAL_CONVERSION = YES;
				CLANG_WARN_OBJC_ROOT_CLASS = YES_ERROR;
				CLANG_WARN_RANGE_LOOP_ANALYSIS = YES;
				CLANG_WARN_STRICT_PROTOTYPES = YES;
				CLANG_WARN_SUSPICIOUS_MOVE = YES;
				CLANG_WARN_UNGUARDED_AVAILABILITY = YES_AGGRESSIVE;
				CLANG_WARN_UNREACHABLE_CODE = YES;
				CLANG_WARN__DUPLICATE_METHOD_MATCH = YES;
				COPY_PHASE_STRIP = NO;
				DEBUG_INFORMATION_FORMAT = "dwarf-with-dsym";
				ENABLE_NS_ASSERTIONS = NO;
				ENABLE_STRICT_OBJC_MSGSEND = YES;
				GCC_C_LANGUAGE_STANDARD = gnu11;
				GCC_NO_COMMON_BLOCKS = YES;
				GCC_WARN_64_TO_32_BIT_CONVERSION = YES;
				GCC_WARN_ABOUT_RETURN_TYPE = YES_ERROR;
				GCC_WARN_UNDECLARED_SELECTOR = YES;
				GCC_WARN_UNINITIALIZED_AUTOS = YES_AGGRESSIVE;
				GCC_WARN_UNUSED_FUNCTION = YES;
				GCC_WARN_UNUSED_VARIABLE = YES;
				IPHONEOS_DEPLOYMENT_TARGET = 13.2;
				MTL_ENABLE_DEBUG_INFO = NO;
				MTL_FAST_MATH = YES;
				SDKROOT = iphoneos;
				SWIFT_COMPILATION_MODE = wholemodule;
				SWIFT_OPTIMIZATION_LEVEL = "-O";
				VALIDATE_PRODUCT = YES;
			};
			name = Release;
		};
		159D94AE240A318300B489B0 /* Debug */ = {
			isa = XCBuildConfiguration;
			baseConfigurationReference = B57AF4C1D0A080F58D6C6C23 /* Pods-Artable.debug.xcconfig */;
			buildSettings = {
				ASSETCATALOG_COMPILER_APPICON_NAME = AppIcon;
				CODE_SIGN_STYLE = Automatic;
				DEVELOPMENT_TEAM = ATGLF89TD8;
				INFOPLIST_FILE = Artable/Info.plist;
				LD_RUNPATH_SEARCH_PATHS = (
					"$(inherited)",
					"@executable_path/Frameworks",
				);
				PRODUCT_BUNDLE_IDENTIFIER = com.app.studentProyect.Artable;
				PRODUCT_NAME = "$(TARGET_NAME)";
				SWIFT_VERSION = 5.0;
				TARGETED_DEVICE_FAMILY = "1,2";
			};
			name = Debug;
		};
		159D94AF240A318300B489B0 /* Release */ = {
			isa = XCBuildConfiguration;
			baseConfigurationReference = 954F8B20586FEDCB3F24D9A0 /* Pods-Artable.release.xcconfig */;
			buildSettings = {
				ASSETCATALOG_COMPILER_APPICON_NAME = AppIcon;
				CODE_SIGN_STYLE = Automatic;
				DEVELOPMENT_TEAM = ATGLF89TD8;
				INFOPLIST_FILE = Artable/Info.plist;
				LD_RUNPATH_SEARCH_PATHS = (
					"$(inherited)",
					"@executable_path/Frameworks",
				);
				PRODUCT_BUNDLE_IDENTIFIER = com.app.studentProyect.Artable;
				PRODUCT_NAME = "$(TARGET_NAME)";
				SWIFT_VERSION = 5.0;
				TARGETED_DEVICE_FAMILY = "1,2";
			};
			name = Release;
		};
		159D94C6240A320800B489B0 /* Debug */ = {
			isa = XCBuildConfiguration;
			baseConfigurationReference = 3EEF3EE0F4202D0557B06E62 /* Pods-ArtableAdmin.debug.xcconfig */;
			buildSettings = {
				ASSETCATALOG_COMPILER_APPICON_NAME = AppIcon;
				CODE_SIGN_STYLE = Automatic;
				DEVELOPMENT_TEAM = ATGLF89TD8;
				INFOPLIST_FILE = ArtableAdmin/Info.plist;
				LD_RUNPATH_SEARCH_PATHS = (
					"$(inherited)",
					"@executable_path/Frameworks",
				);
				PRODUCT_BUNDLE_IDENTIFIER = com.app.studentProyect.ArtableAdmin;
				PRODUCT_NAME = "$(TARGET_NAME)";
				SWIFT_VERSION = 5.0;
				TARGETED_DEVICE_FAMILY = "1,2";
			};
			name = Debug;
		};
		159D94C7240A320800B489B0 /* Release */ = {
			isa = XCBuildConfiguration;
			baseConfigurationReference = 3B12D9F3CA5A7EC78AC5DBAA /* Pods-ArtableAdmin.release.xcconfig */;
			buildSettings = {
				ASSETCATALOG_COMPILER_APPICON_NAME = AppIcon;
				CODE_SIGN_STYLE = Automatic;
				DEVELOPMENT_TEAM = ATGLF89TD8;
				INFOPLIST_FILE = ArtableAdmin/Info.plist;
				LD_RUNPATH_SEARCH_PATHS = (
					"$(inherited)",
					"@executable_path/Frameworks",
				);
				PRODUCT_BUNDLE_IDENTIFIER = com.app.studentProyect.ArtableAdmin;
				PRODUCT_NAME = "$(TARGET_NAME)";
				SWIFT_VERSION = 5.0;
				TARGETED_DEVICE_FAMILY = "1,2";
			};
			name = Release;
		};
/* End XCBuildConfiguration section */

/* Begin XCConfigurationList section */
		159D9494240A318100B489B0 /* Build configuration list for PBXProject "Artable" */ = {
			isa = XCConfigurationList;
			buildConfigurations = (
				159D94AB240A318300B489B0 /* Debug */,
				159D94AC240A318300B489B0 /* Release */,
			);
			defaultConfigurationIsVisible = 0;
			defaultConfigurationName = Release;
		};
		159D94AD240A318300B489B0 /* Build configuration list for PBXNativeTarget "Artable" */ = {
			isa = XCConfigurationList;
			buildConfigurations = (
				159D94AE240A318300B489B0 /* Debug */,
				159D94AF240A318300B489B0 /* Release */,
			);
			defaultConfigurationIsVisible = 0;
			defaultConfigurationName = Release;
		};
		159D94C5240A320800B489B0 /* Build configuration list for PBXNativeTarget "ArtableAdmin" */ = {
			isa = XCConfigurationList;
			buildConfigurations = (
				159D94C6240A320800B489B0 /* Debug */,
				159D94C7240A320800B489B0 /* Release */,
			);
			defaultConfigurationIsVisible = 0;
			defaultConfigurationName = Release;
		};
/* End XCConfigurationList section */
	};
	rootObject = 159D9491240A318100B489B0 /* Project object */;
}
